{
  "requires": true,
  "lockfileVersion": 1,
  "dependencies": {
    "leaflet": {
      "version": "1.2.0",
      "resolved": "https://registry.npmjs.org/leaflet/-/leaflet-1.2.0.tgz",
      "integrity": "sha512-Bold8phAE6WcRsuwhofrQ7cOK1REFHaYIkKuj7+TBYK3ONKRpGGIb5oXR5akYotFnrWN0TWKh6Svlhflm3dogg=="
    },
    "leaflet-search": {
      "version": "2.3.7",
      "resolved": "https://registry.npmjs.org/leaflet-search/-/leaflet-search-2.3.7.tgz",
      "integrity": "sha512-Hcy9UQkyhi9Yh1/YmiAD4rXhQSg3XJJ59/TUbozU1Zxe9q/WzWLdsjf8I2D622Vcr2yNjYZeVTpayXilQ0NTyQ==",
      "requires": {
        "leaflet": "1.2.0"
      }
    }
  }
}
